
Microsoft Visual Studio Solution File, Format Version 12.00
# Visual Studio Version 17
VisualStudioVersion = 17.7.34221.43
MinimumVisualStudioVersion = 10.0.40219.1
Project("{FAE04EC0-301F-11D3-BF4B-00C04F79EFBC}") = "FXExchange", "FXExchange\FXExchange.csproj", "{70D2BBD0-E628-45FD-9856-2A3D3A792208}"
EndProject
Project("{FAE04EC0-301F-11D3-BF4B-00C04F79EFBC}") = "FXExchangeLibrary", "FXExchangeLibrary\FXExchangeLibrary.csproj", "{39A60DA6-B0C9-410C-ABC4-B5DFDDAB68D2}"
EndProject
Project("{FAE04EC0-301F-11D3-BF4B-00C04F79EFBC}") = "FXExchangeLibraryTest", "FXExchangeLibraryTest\FXExchangeLibraryTest.csproj", "{6E92005D-226A-4F00-9553-5DB840DCF4A4}"
EndProject
Global
	GlobalSection(SolutionConfigurationPlatforms) = preSolution
		Debug|Any CPU = Debug|Any CPU
		Release|Any CPU = Release|Any CPU
	EndGlobalSection
	GlobalSection(ProjectConfigurationPlatforms) = postSolution
		{70D2BBD0-E628-45FD-9856-2A3D3A792208}.Debug|Any CPU.ActiveCfg = Debug|Any CPU
		{70D2BBD0-E628-45FD-9856-2A3D3A792208}.Debug|Any CPU.Build.0 = Debug|Any CPU
		{70D2BBD0-E628-45FD-9856-2A3D3A792208}.Release|Any CPU.ActiveCfg = Release|Any CPU
		{70D2BBD0-E628-45FD-9856-2A3D3A792208}.Release|Any CPU.Build.0 = Release|Any CPU
		{39A60DA6-B0C9-410C-ABC4-B5DFDDAB68D2}.Debug|Any CPU.ActiveCfg = Debug|Any CPU
		{39A60DA6-B0C9-410C-ABC4-B5DFDDAB68D2}.Debug|Any CPU.Build.0 = Debug|Any CPU
		{39A60DA6-B0C9-410C-ABC4-B5DFDDAB68D2}.Release|Any CPU.ActiveCfg = Release|Any CPU
		{39A60DA6-B0C9-410C-ABC4-B5DFDDAB68D2}.Release|Any CPU.Build.0 = Release|Any CPU
		{6E92005D-226A-4F00-9553-5DB840DCF4A4}.Debug|Any CPU.ActiveCfg = Debug|Any CPU
		{6E92005D-226A-4F00-9553-5DB840DCF4A4}.Debug|Any CPU.Build.0 = Debug|Any CPU
		{6E92005D-226A-4F00-9553-5DB840DCF4A4}.Release|Any CPU.ActiveCfg = Release|Any CPU
		{6E92005D-226A-4F00-9553-5DB840DCF4A4}.Release|Any CPU.Build.0 = Release|Any CPU
	EndGlobalSection
	GlobalSection(SolutionProperties) = preSolution
		HideSolutionNode = FALSE
	EndGlobalSection
	GlobalSection(ExtensibilityGlobals) = postSolution
		SolutionGuid = {52F9D8DE-E198-4EA5-AC90-9B7D495A75CD}
	EndGlobalSection
EndGlobal
